
Microsoft Visual Studio Solution File, Format Version 12.00
# Visual Studio Version 17
VisualStudioVersion = 17.8.34330.188
MinimumVisualStudioVersion = 10.0.40219.1
Project("{FAE04EC0-301F-11D3-BF4B-00C04F79EFBC}") = "sudoku", "sudoku\sudoku.csproj", "{5038C639-BC8A-498C-8F63-2A08C1AF0F45}"
EndProject
Global
	GlobalSection(SolutionConfigurationPlatforms) = preSolution
		Debug|Any CPU = Debug|Any CPU
		Release|Any CPU = Release|Any CPU
	EndGlobalSection
	GlobalSection(ProjectConfigurationPlatforms) = postSolution
		{5038C639-BC8A-498C-8F63-2A08C1AF0F45}.Debug|Any CPU.ActiveCfg = Debug|Any CPU
		{5038C639-BC8A-498C-8F63-2A08C1AF0F45}.Debug|Any CPU.Build.0 = Debug|Any CPU
		{5038C639-BC8A-498C-8F63-2A08C1AF0F45}.Release|Any CPU.ActiveCfg = Release|Any CPU
		{5038C639-BC8A-498C-8F63-2A08C1AF0F45}.Release|Any CPU.Build.0 = Release|Any CPU
	EndGlobalSection
	GlobalSection(SolutionProperties) = preSolution
		HideSolutionNode = FALSE
	EndGlobalSection
	GlobalSection(ExtensibilityGlobals) = postSolution
		SolutionGuid = {E6A45CC9-55ED-491B-A2AE-7F696B7E5F01}
	EndGlobalSection
EndGlobal
